
Microsoft Visual Studio Solution File, Format Version 12.00
# Visual Studio Version 17
VisualStudioVersion = 17.5.002.0
MinimumVisualStudioVersion = 10.0.40219.1
Project("{FAE04EC0-301F-11D3-BF4B-00C04F79EFBC}") = "Api", "Api\Api.csproj", "{5646DF54-0AD5-4B60-8AA3-F8EE52152636}"
EndProject
Project("{FAE04EC0-301F-11D3-BF4B-00C04F79EFBC}") = "Domain", "Domain\Domain.csproj", "{8C61DC6F-8DB2-4E36-AEEE-1C94674E5D21}"
EndProject
Project("{FAE04EC0-301F-11D3-BF4B-00C04F79EFBC}") = "WebApplication1", "WebApplication1\WebApplication1.csproj", "{80102A32-1C19-4024-8614-83ABBC572515}"
EndProject
Global
	GlobalSection(SolutionConfigurationPlatforms) = preSolution
		Debug|Any CPU = Debug|Any CPU
		Release|Any CPU = Release|Any CPU
	EndGlobalSection
	GlobalSection(ProjectConfigurationPlatforms) = postSolution
		{5646DF54-0AD5-4B60-8AA3-F8EE52152636}.Debug|Any CPU.ActiveCfg = Debug|Any CPU
		{5646DF54-0AD5-4B60-8AA3-F8EE52152636}.Debug|Any CPU.Build.0 = Debug|Any CPU
		{5646DF54-0AD5-4B60-8AA3-F8EE52152636}.Release|Any CPU.ActiveCfg = Release|Any CPU
		{5646DF54-0AD5-4B60-8AA3-F8EE52152636}.Release|Any CPU.Build.0 = Release|Any CPU
		{8C61DC6F-8DB2-4E36-AEEE-1C94674E5D21}.Debug|Any CPU.ActiveCfg = Debug|Any CPU
		{8C61DC6F-8DB2-4E36-AEEE-1C94674E5D21}.Debug|Any CPU.Build.0 = Debug|Any CPU
		{8C61DC6F-8DB2-4E36-AEEE-1C94674E5D21}.Release|Any CPU.ActiveCfg = Release|Any CPU
		{8C61DC6F-8DB2-4E36-AEEE-1C94674E5D21}.Release|Any CPU.Build.0 = Release|Any CPU
		{80102A32-1C19-4024-8614-83ABBC572515}.Debug|Any CPU.ActiveCfg = Debug|Any CPU
		{80102A32-1C19-4024-8614-83ABBC572515}.Debug|Any CPU.Build.0 = Debug|Any CPU
		{80102A32-1C19-4024-8614-83ABBC572515}.Release|Any CPU.ActiveCfg = Release|Any CPU
		{80102A32-1C19-4024-8614-83ABBC572515}.Release|Any CPU.Build.0 = Release|Any CPU
	EndGlobalSection
	GlobalSection(SolutionProperties) = preSolution
		HideSolutionNode = FALSE
	EndGlobalSection
	GlobalSection(ExtensibilityGlobals) = postSolution
		SolutionGuid = {17465C6A-C3CA-442F-B1AC-6050F29C486C}
	EndGlobalSection
EndGlobal
