
Microsoft Visual Studio Solution File, Format Version 12.00
# Visual Studio Version 17
VisualStudioVersion = 17.5.002.0
MinimumVisualStudioVersion = 10.0.40219.1
Project("{2150E333-8FDC-42A3-9474-1A3956D46DE8}") = "Semana 1", "Semana 1", "{2EFE6F80-3266-4C4C-B7C7-8D10A35BC4EC}"
EndProject
Project("{9A19103F-16F7-4668-BE54-9A1E7A4F7556}") = "Aula - Exercicio 1", "Semana 1\Aula\Aula - Exercicio 1.csproj", "{6BCD3E39-FB1A-4000-9AE4-F45E1B7B9FA5}"
EndProject
Project("{2150E333-8FDC-42A3-9474-1A3956D46DE8}") = "Semana 2", "Semana 2", "{70275A08-9256-4F0B-A253-EBAF52A7BF4F}"
EndProject
Project("{FAE04EC0-301F-11D3-BF4B-00C04F79EFBC}") = "Aula - Exercicio 1", "Semana 2\Aula - Exercicio 1\Aula - Exercicio 1.csproj", "{DB33206D-6B27-4C3D-B2AD-4F807E7D8CA7}"
EndProject
Project("{FAE04EC0-301F-11D3-BF4B-00C04F79EFBC}") = "Aula - Exercicio 2", "Semana 2\Aula - Exercicio 2\Aula - Exercicio 2.csproj", "{7636116F-5DCC-4505-B3F3-639FD5724775}"
EndProject
Project("{FAE04EC0-301F-11D3-BF4B-00C04F79EFBC}") = "Aula - Exercicio 3", "Semana 2\Aula - Exercicio 3\Aula - Exercicio 3.csproj", "{82BC56BA-4D84-4C7C-8A6F-05C89582786E}"
EndProject
Project("{FAE04EC0-301F-11D3-BF4B-00C04F79EFBC}") = "Aula - Exercicio 4", "Semana 2\Aula - Exercicio 4\Aula - Exercicio 4.csproj", "{9D2790E3-C4AE-4927-A87B-984474E6923E}"
EndProject
Project("{2150E333-8FDC-42A3-9474-1A3956D46DE8}") = "dotNET-P001", "dotNET-P001", "{B552A7E5-CDDA-4C82-A52B-A93A483832DA}"
EndProject
Project("{FAE04EC0-301F-11D3-BF4B-00C04F79EFBC}") = "Exercicio 02", "Semana 1\dotNET-P001\Exercicio 02\Exercicio 02.csproj", "{E351BEE7-3A57-49A5-BA9B-EEB8CDB0DA8E}"
EndProject
Project("{FAE04EC0-301F-11D3-BF4B-00C04F79EFBC}") = "Exercicio 03", "Semana 1\dotNET-P001\Exercicio 03\Exercicio 03.csproj", "{2D814F2E-5BC2-4700-A1A2-AC153505B31D}"
EndProject
Project("{FAE04EC0-301F-11D3-BF4B-00C04F79EFBC}") = "Exercicio 04", "Semana 1\dotNET-P001\Exercicio 04\Exercicio 04.csproj", "{3A08E564-6844-42BD-BEA8-B39CA067828F}"
EndProject
Project("{FAE04EC0-301F-11D3-BF4B-00C04F79EFBC}") = "Exercicio 05", "Semana 1\dotNET-P001\Exercicio 05\Exercicio 05.csproj", "{E8694D63-7D60-433B-8193-60600E0F96C9}"
EndProject
Project("{FAE04EC0-301F-11D3-BF4B-00C04F79EFBC}") = "Exercicio 06", "Semana 1\dotNET-P001\Exercicio 06\Exercicio 06.csproj", "{3116760A-65FE-44D2-9D47-232CCA2C5863}"
EndProject
Project("{FAE04EC0-301F-11D3-BF4B-00C04F79EFBC}") = "Exercicio 07", "Semana 1\dotNET-P001\Exercicio 07\Exercicio 07.csproj", "{755CF153-95C6-45A7-8233-A8D837B056F1}"
EndProject
Project("{FAE04EC0-301F-11D3-BF4B-00C04F79EFBC}") = "Exercicio 08", "Semana 1\dotNET-P001\Exercicio 08\Exercicio 08.csproj", "{82CC12B1-9BAE-4E99-B9B0-820A05A0B711}"
EndProject
Project("{2150E333-8FDC-42A3-9474-1A3956D46DE8}") = "dotNET-P002", "dotNET-P002", "{E7735DD2-3D32-4050-AE17-37130ADF0C47}"
EndProject
Project("{FAE04EC0-301F-11D3-BF4B-00C04F79EFBC}") = "Atividade", "Semana 2\dotNET-P002\Atividade\Atividade.csproj", "{0A5ED4AA-0DBD-4A03-BC1E-B6970925D7E5}"
EndProject
Global
	GlobalSection(SolutionConfigurationPlatforms) = preSolution
		Debug|Any CPU = Debug|Any CPU
		Release|Any CPU = Release|Any CPU
	EndGlobalSection
	GlobalSection(ProjectConfigurationPlatforms) = postSolution
		{6BCD3E39-FB1A-4000-9AE4-F45E1B7B9FA5}.Debug|Any CPU.ActiveCfg = Debug|Any CPU
		{6BCD3E39-FB1A-4000-9AE4-F45E1B7B9FA5}.Debug|Any CPU.Build.0 = Debug|Any CPU
		{6BCD3E39-FB1A-4000-9AE4-F45E1B7B9FA5}.Release|Any CPU.ActiveCfg = Release|Any CPU
		{6BCD3E39-FB1A-4000-9AE4-F45E1B7B9FA5}.Release|Any CPU.Build.0 = Release|Any CPU
		{DB33206D-6B27-4C3D-B2AD-4F807E7D8CA7}.Debug|Any CPU.ActiveCfg = Debug|Any CPU
		{DB33206D-6B27-4C3D-B2AD-4F807E7D8CA7}.Debug|Any CPU.Build.0 = Debug|Any CPU
		{DB33206D-6B27-4C3D-B2AD-4F807E7D8CA7}.Release|Any CPU.ActiveCfg = Release|Any CPU
		{DB33206D-6B27-4C3D-B2AD-4F807E7D8CA7}.Release|Any CPU.Build.0 = Release|Any CPU
		{7636116F-5DCC-4505-B3F3-639FD5724775}.Debug|Any CPU.ActiveCfg = Debug|Any CPU
		{7636116F-5DCC-4505-B3F3-639FD5724775}.Debug|Any CPU.Build.0 = Debug|Any CPU
		{7636116F-5DCC-4505-B3F3-639FD5724775}.Release|Any CPU.ActiveCfg = Release|Any CPU
		{7636116F-5DCC-4505-B3F3-639FD5724775}.Release|Any CPU.Build.0 = Release|Any CPU
		{82BC56BA-4D84-4C7C-8A6F-05C89582786E}.Debug|Any CPU.ActiveCfg = Debug|Any CPU
		{82BC56BA-4D84-4C7C-8A6F-05C89582786E}.Debug|Any CPU.Build.0 = Debug|Any CPU
		{82BC56BA-4D84-4C7C-8A6F-05C89582786E}.Release|Any CPU.ActiveCfg = Release|Any CPU
		{82BC56BA-4D84-4C7C-8A6F-05C89582786E}.Release|Any CPU.Build.0 = Release|Any CPU
		{9D2790E3-C4AE-4927-A87B-984474E6923E}.Debug|Any CPU.ActiveCfg = Debug|Any CPU
		{9D2790E3-C4AE-4927-A87B-984474E6923E}.Debug|Any CPU.Build.0 = Debug|Any CPU
		{9D2790E3-C4AE-4927-A87B-984474E6923E}.Release|Any CPU.ActiveCfg = Release|Any CPU
		{9D2790E3-C4AE-4927-A87B-984474E6923E}.Release|Any CPU.Build.0 = Release|Any CPU
		{E351BEE7-3A57-49A5-BA9B-EEB8CDB0DA8E}.Debug|Any CPU.ActiveCfg = Debug|Any CPU
		{E351BEE7-3A57-49A5-BA9B-EEB8CDB0DA8E}.Debug|Any CPU.Build.0 = Debug|Any CPU
		{E351BEE7-3A57-49A5-BA9B-EEB8CDB0DA8E}.Release|Any CPU.ActiveCfg = Release|Any CPU
		{E351BEE7-3A57-49A5-BA9B-EEB8CDB0DA8E}.Release|Any CPU.Build.0 = Release|Any CPU
		{2D814F2E-5BC2-4700-A1A2-AC153505B31D}.Debug|Any CPU.ActiveCfg = Debug|Any CPU
		{2D814F2E-5BC2-4700-A1A2-AC153505B31D}.Debug|Any CPU.Build.0 = Debug|Any CPU
		{2D814F2E-5BC2-4700-A1A2-AC153505B31D}.Release|Any CPU.ActiveCfg = Release|Any CPU
		{2D814F2E-5BC2-4700-A1A2-AC153505B31D}.Release|Any CPU.Build.0 = Release|Any CPU
		{3A08E564-6844-42BD-BEA8-B39CA067828F}.Debug|Any CPU.ActiveCfg = Debug|Any CPU
		{3A08E564-6844-42BD-BEA8-B39CA067828F}.Debug|Any CPU.Build.0 = Debug|Any CPU
		{3A08E564-6844-42BD-BEA8-B39CA067828F}.Release|Any CPU.ActiveCfg = Release|Any CPU
		{3A08E564-6844-42BD-BEA8-B39CA067828F}.Release|Any CPU.Build.0 = Release|Any CPU
		{E8694D63-7D60-433B-8193-60600E0F96C9}.Debug|Any CPU.ActiveCfg = Debug|Any CPU
		{E8694D63-7D60-433B-8193-60600E0F96C9}.Debug|Any CPU.Build.0 = Debug|Any CPU
		{E8694D63-7D60-433B-8193-60600E0F96C9}.Release|Any CPU.ActiveCfg = Release|Any CPU
		{E8694D63-7D60-433B-8193-60600E0F96C9}.Release|Any CPU.Build.0 = Release|Any CPU
		{3116760A-65FE-44D2-9D47-232CCA2C5863}.Debug|Any CPU.ActiveCfg = Debug|Any CPU
		{3116760A-65FE-44D2-9D47-232CCA2C5863}.Debug|Any CPU.Build.0 = Debug|Any CPU
		{3116760A-65FE-44D2-9D47-232CCA2C5863}.Release|Any CPU.ActiveCfg = Release|Any CPU
		{3116760A-65FE-44D2-9D47-232CCA2C5863}.Release|Any CPU.Build.0 = Release|Any CPU
		{755CF153-95C6-45A7-8233-A8D837B056F1}.Debug|Any CPU.ActiveCfg = Debug|Any CPU
		{755CF153-95C6-45A7-8233-A8D837B056F1}.Debug|Any CPU.Build.0 = Debug|Any CPU
		{755CF153-95C6-45A7-8233-A8D837B056F1}.Release|Any CPU.ActiveCfg = Release|Any CPU
		{755CF153-95C6-45A7-8233-A8D837B056F1}.Release|Any CPU.Build.0 = Release|Any CPU
		{82CC12B1-9BAE-4E99-B9B0-820A05A0B711}.Debug|Any CPU.ActiveCfg = Debug|Any CPU
		{82CC12B1-9BAE-4E99-B9B0-820A05A0B711}.Debug|Any CPU.Build.0 = Debug|Any CPU
		{82CC12B1-9BAE-4E99-B9B0-820A05A0B711}.Release|Any CPU.ActiveCfg = Release|Any CPU
		{82CC12B1-9BAE-4E99-B9B0-820A05A0B711}.Release|Any CPU.Build.0 = Release|Any CPU
		{0A5ED4AA-0DBD-4A03-BC1E-B6970925D7E5}.Debug|Any CPU.ActiveCfg = Debug|Any CPU
		{0A5ED4AA-0DBD-4A03-BC1E-B6970925D7E5}.Debug|Any CPU.Build.0 = Debug|Any CPU
		{0A5ED4AA-0DBD-4A03-BC1E-B6970925D7E5}.Release|Any CPU.ActiveCfg = Release|Any CPU
		{0A5ED4AA-0DBD-4A03-BC1E-B6970925D7E5}.Release|Any CPU.Build.0 = Release|Any CPU
	EndGlobalSection
	GlobalSection(SolutionProperties) = preSolution
		HideSolutionNode = FALSE
	EndGlobalSection
	GlobalSection(NestedProjects) = preSolution
		{6BCD3E39-FB1A-4000-9AE4-F45E1B7B9FA5} = {2EFE6F80-3266-4C4C-B7C7-8D10A35BC4EC}
		{DB33206D-6B27-4C3D-B2AD-4F807E7D8CA7} = {70275A08-9256-4F0B-A253-EBAF52A7BF4F}
		{7636116F-5DCC-4505-B3F3-639FD5724775} = {70275A08-9256-4F0B-A253-EBAF52A7BF4F}
		{82BC56BA-4D84-4C7C-8A6F-05C89582786E} = {70275A08-9256-4F0B-A253-EBAF52A7BF4F}
		{9D2790E3-C4AE-4927-A87B-984474E6923E} = {70275A08-9256-4F0B-A253-EBAF52A7BF4F}
		{B552A7E5-CDDA-4C82-A52B-A93A483832DA} = {2EFE6F80-3266-4C4C-B7C7-8D10A35BC4EC}
		{E351BEE7-3A57-49A5-BA9B-EEB8CDB0DA8E} = {B552A7E5-CDDA-4C82-A52B-A93A483832DA}
		{2D814F2E-5BC2-4700-A1A2-AC153505B31D} = {B552A7E5-CDDA-4C82-A52B-A93A483832DA}
		{3A08E564-6844-42BD-BEA8-B39CA067828F} = {B552A7E5-CDDA-4C82-A52B-A93A483832DA}
		{E8694D63-7D60-433B-8193-60600E0F96C9} = {B552A7E5-CDDA-4C82-A52B-A93A483832DA}
		{3116760A-65FE-44D2-9D47-232CCA2C5863} = {B552A7E5-CDDA-4C82-A52B-A93A483832DA}
		{755CF153-95C6-45A7-8233-A8D837B056F1} = {B552A7E5-CDDA-4C82-A52B-A93A483832DA}
		{82CC12B1-9BAE-4E99-B9B0-820A05A0B711} = {B552A7E5-CDDA-4C82-A52B-A93A483832DA}
		{E7735DD2-3D32-4050-AE17-37130ADF0C47} = {70275A08-9256-4F0B-A253-EBAF52A7BF4F}
		{0A5ED4AA-0DBD-4A03-BC1E-B6970925D7E5} = {E7735DD2-3D32-4050-AE17-37130ADF0C47}
	EndGlobalSection
	GlobalSection(ExtensibilityGlobals) = postSolution
		SolutionGuid = {17465C6A-C3CA-442F-B1AC-6050F29C486C}
	EndGlobalSection
EndGlobal
